
Microsoft Visual Studio Solution File, Format Version 12.00
# Visual Studio Version 17
VisualStudioVersion = 17.9.34728.123
MinimumVisualStudioVersion = 10.0.40219.1
Project("{FAE04EC0-301F-11D3-BF4B-00C04F79EFBC}") = "EFCore.API", "EFCore\EFCore.API.csproj", "{1A6D83C7-8054-4027-A550-83452BDC7C6F}"
EndProject
Project("{FAE04EC0-301F-11D3-BF4B-00C04F79EFBC}") = "EFCore.Domain", "EFCore.Domain\EFCore.Domain.csproj", "{74697A63-B7C6-4299-A8B8-FE3F372BBCCF}"
EndProject
Project("{FAE04EC0-301F-11D3-BF4B-00C04F79EFBC}") = "EFCore.Domain.Impl.Sql", "EFCore.Domain.Impl.Sql\EFCore.Domain.Impl.Sql.csproj", "{876E5DEE-1095-439C-9033-F5A27C6B1731}"
EndProject
Global
	GlobalSection(SolutionConfigurationPlatforms) = preSolution
		Debug|Any CPU = Debug|Any CPU
		Release|Any CPU = Release|Any CPU
	EndGlobalSection
	GlobalSection(ProjectConfigurationPlatforms) = postSolution
		{1A6D83C7-8054-4027-A550-83452BDC7C6F}.Debug|Any CPU.ActiveCfg = Debug|Any CPU
		{1A6D83C7-8054-4027-A550-83452BDC7C6F}.Debug|Any CPU.Build.0 = Debug|Any CPU
		{1A6D83C7-8054-4027-A550-83452BDC7C6F}.Release|Any CPU.ActiveCfg = Release|Any CPU
		{1A6D83C7-8054-4027-A550-83452BDC7C6F}.Release|Any CPU.Build.0 = Release|Any CPU
		{74697A63-B7C6-4299-A8B8-FE3F372BBCCF}.Debug|Any CPU.ActiveCfg = Debug|Any CPU
		{74697A63-B7C6-4299-A8B8-FE3F372BBCCF}.Debug|Any CPU.Build.0 = Debug|Any CPU
		{74697A63-B7C6-4299-A8B8-FE3F372BBCCF}.Release|Any CPU.ActiveCfg = Release|Any CPU
		{74697A63-B7C6-4299-A8B8-FE3F372BBCCF}.Release|Any CPU.Build.0 = Release|Any CPU
		{876E5DEE-1095-439C-9033-F5A27C6B1731}.Debug|Any CPU.ActiveCfg = Debug|Any CPU
		{876E5DEE-1095-439C-9033-F5A27C6B1731}.Debug|Any CPU.Build.0 = Debug|Any CPU
		{876E5DEE-1095-439C-9033-F5A27C6B1731}.Release|Any CPU.ActiveCfg = Release|Any CPU
		{876E5DEE-1095-439C-9033-F5A27C6B1731}.Release|Any CPU.Build.0 = Release|Any CPU
	EndGlobalSection
	GlobalSection(SolutionProperties) = preSolution
		HideSolutionNode = FALSE
	EndGlobalSection
	GlobalSection(ExtensibilityGlobals) = postSolution
		SolutionGuid = {354D5519-FF1A-407D-B0A7-69BFD6B3C97D}
	EndGlobalSection
EndGlobal
